{
  "name": "scoring",
  "version": "1.0.0",
  "lockfileVersion": 3,
  "requires": true,
  "packages": {
    "": {
      "name": "scoring",
      "version": "1.0.0",
      "license": "ISC",
      "dependencies": {
        "csv-writer": "^1.6.0",
        "dotenv": "^8.2.0",
        "flat-db": "^4.0.0",
        "word-error-rate": "0.0.7"
      },
      "bin": {
        "collate": "collate.js",
        "score": "score.js"
      }
    },
    "node_modules/bellajs": {
      "version": "9.2.2",
      "resolved": "https://registry.npmjs.org/bellajs/-/bellajs-9.2.2.tgz",
      "integrity": "sha512-KBYVAssJuaNrUARi1TJNp7hSGQ9DUd/proF4Hc3cQ72tqsV+HHudyxLocrv9AppnyAKO/Szi6ptGP2LCSkljaw==",
      "engines": {
        "node": ">= 10.14.2"
      }
    },
    "node_modules/csv-writer": {
      "version": "1.6.0",
      "resolved": "https://registry.npmjs.org/csv-writer/-/csv-writer-1.6.0.tgz",
      "integrity": "sha512-NOx7YDFWEsM/fTRAJjRpPp8t+MKRVvniAg9wQlUKx20MFrPs73WLJhFf5iteqrxNYnsy924K3Iroh3yNHeYd2g=="
    },
    "node_modules/debug": {
      "version": "4.3.1",
      "resolved": "https://registry.npmjs.org/debug/-/debug-4.3.1.tgz",
      "integrity": "sha512-doEwdvm4PCeK4K3RQN2ZC2BYUBaxwLARCqZmMjtF8a51J2Rb0xpVloFRnCODwqjpwnAoao4pelN8l3RJdv3gRQ==",
      "dependencies": {
        "ms": "2.1.2"
      },
      "engines": {
        "node": ">=6.0"
      },
      "peerDependenciesMeta": {
        "supports-color": {
          "optional": true
        }
      }
    },
    "node_modules/dotenv": {
      "version": "8.2.0",
      "resolved": "https://registry.npmjs.org/dotenv/-/dotenv-8.2.0.tgz",
      "integrity": "sha512-8sJ78ElpbDJBHNeBzUbUVLsqKdccaa/BXF1uPTw3GrvQTBgrQrtObr2mUrE38vzYd8cEv+m/JBfDLioYcfXoaw==",
      "engines": {
        "node": ">=8"
      }
    },
    "node_modules/flat-db": {
      "version": "4.0.0",
      "resolved": "https://registry.npmjs.org/flat-db/-/flat-db-4.0.0.tgz",
      "integrity": "sha512-DByfVSOoM5dgrUQ9heNWAQ156W+vTFBLymVWkMkEEtcM77pD3lVKTKXkx3wdpNEKeHcsoJhBlHqQE03si4XlEg==",
      "dependencies": {
        "bellajs": "^9.2.2",
        "debug": "^4.2.0",
        "mkdirp": "^1.0.4"
      },
      "engines": {
        "node": ">= 10.14.2"
      }
    },
    "node_modules/levenshtein-edit-distance": {
      "version": "2.0.5",
      "resolved": "https://registry.npmjs.org/levenshtein-edit-distance/-/levenshtein-edit-distance-2.0.5.tgz",
      "integrity": "sha512-Yuraz7QnMX/JENJU1HA6UtdsbhRzoSFnGpVGVryjQgHtl2s/YmVgmNYkVs5yzVZ9aAvQR9wPBUH3lG755ylxGA==",
      "bin": {
        "levenshtein-edit-distance": "cli.js"
      },
      "funding": {
        "type": "github",
        "url": "https://github.com/sponsors/wooorm"
      }
    },
    "node_modules/mkdirp": {
      "version": "1.0.4",
      "resolved": "https://registry.npmjs.org/mkdirp/-/mkdirp-1.0.4.tgz",
      "integrity": "sha512-vVqVZQyf3WLx2Shd0qJ9xuvqgAyKPLAiqITEtqW0oIUjzo3PePDd6fW9iFz30ef7Ysp/oiWqbhszeGWW2T6Gzw==",
      "bin": {
        "mkdirp": "bin/cmd.js"
      },
      "engines": {
        "node": ">=10"
      }
    },
    "node_modules/ms": {
      "version": "2.1.2",
      "resolved": "https://registry.npmjs.org/ms/-/ms-2.1.2.tgz",
      "integrity": "sha512-sGkPx+VjMtmA6MX27oA4FBFELFCZZ4S4XqeGOXCv68tT+jb3vk/RyaKWP0PTKyWtmLSM0b+adUTEvbs1PEaH2w=="
    },
    "node_modules/object-hash": {
      "version": "1.3.1",
      "resolved": "https://registry.npmjs.org/object-hash/-/object-hash-1.3.1.tgz",
      "integrity": "sha512-OSuu/pU4ENM9kmREg0BdNrUDIl1heYa4mBZacJc+vVWz4GtAwu7jO8s4AIt2aGRUTqxykpWzI3Oqnsm13tTMDA==",
      "engines": {
        "node": ">= 0.10.0"
      }
    },
    "node_modules/word-error-rate": {
      "version": "0.0.7",
      "resolved": "https://registry.npmjs.org/word-error-rate/-/word-error-rate-0.0.7.tgz",
      "integrity": "sha512-uwHptRrdsLELkHsoYbyYrmaWJjfNy3naKUl/Sh3tsJ2jMLdSCGrM2rztdtdexGrvEdLKQxvjDggw2NZe0FlWlg==",
      "dependencies": {
        "levenshtein-edit-distance": "^2.0.3",
        "object-hash": "^1.3.1"
      }
    }
  }
}
